// !$*UTF8*$!
{
	archiveVersion = 1;
	classes = {
	};
	objectVersion = 55;
	objects = {

/* Begin PBXBuildFile section */
		300BB342289B2EB700EE6B1B /* OnboardingCoordinator.swift in Sources */ = {isa = PBXBuildFile; fileRef = 300BB341289B2EB700EE6B1B /* OnboardingCoordinator.swift */; };
		300BB345289B324600EE6B1B /* OnboardingState.swift in Sources */ = {isa = PBXBuildFile; fileRef = 300BB344289B324600EE6B1B /* OnboardingState.swift */; };
		300BB347289B32F700EE6B1B /* OnboardingViewModel.swift in Sources */ = {isa = PBXBuildFile; fileRef = 300BB346289B32F700EE6B1B /* OnboardingViewModel.swift */; };
		300BB34A289B342F00EE6B1B /* RxCocoa in Frameworks */ = {isa = PBXBuildFile; productRef = 300BB349289B342F00EE6B1B /* RxCocoa */; };
		300BB34C289B342F00EE6B1B /* RxRelay in Frameworks */ = {isa = PBXBuildFile; productRef = 300BB34B289B342F00EE6B1B /* RxRelay */; };
		300BB34E289B342F00EE6B1B /* RxSwift in Frameworks */ = {isa = PBXBuildFile; productRef = 300BB34D289B342F00EE6B1B /* RxSwift */; };
		300BB350289B393200EE6B1B /* icon2.json in Resources */ = {isa = PBXBuildFile; fileRef = 300BB34F289B393200EE6B1B /* icon2.json */; };
		3010990928A0FB4A00058A3D /* AppConfig.swift in Sources */ = {isa = PBXBuildFile; fileRef = 3010990828A0FB4A00058A3D /* AppConfig.swift */; };
		3010990F28A108BE00058A3D /* HomeVC.swift in Sources */ = {isa = PBXBuildFile; fileRef = 3010990D28A108BE00058A3D /* HomeVC.swift */; };
		3010991028A108BE00058A3D /* HomeVC.xib in Resources */ = {isa = PBXBuildFile; fileRef = 3010990E28A108BE00058A3D /* HomeVC.xib */; };
		3010991328A10AC200058A3D /* HomeCoordinator.swift in Sources */ = {isa = PBXBuildFile; fileRef = 3010991228A10AC200058A3D /* HomeCoordinator.swift */; };
		3079F2452897DCE4007BC76B /* XButton.swift in Sources */ = {isa = PBXBuildFile; fileRef = 3079F2442897DCE4007BC76B /* XButton.swift */; };
		3079F2472897DD05007BC76B /* XButton.xib in Resources */ = {isa = PBXBuildFile; fileRef = 3079F2462897DD05007BC76B /* XButton.xib */; };
		307E4B692896CF7700E51215 /* AppDelegate.swift in Sources */ = {isa = PBXBuildFile; fileRef = 307E4B682896CF7700E51215 /* AppDelegate.swift */; };
		307E4B6B2896CF7700E51215 /* SceneDelegate.swift in Sources */ = {isa = PBXBuildFile; fileRef = 307E4B6A2896CF7700E51215 /* SceneDelegate.swift */; };
		307E4B722896CF7B00E51215 /* Assets.xcassets in Resources */ = {isa = PBXBuildFile; fileRef = 307E4B712896CF7B00E51215 /* Assets.xcassets */; };
		307E4B822896D89500E51215 /* AppCoordinator.swift in Sources */ = {isa = PBXBuildFile; fileRef = 307E4B812896D89500E51215 /* AppCoordinator.swift */; };
		307E4B8A2896D9F000E51215 /* OnboardingVC.swift in Sources */ = {isa = PBXBuildFile; fileRef = 307E4B882896D9F000E51215 /* OnboardingVC.swift */; };
		307E4B8B2896D9F000E51215 /* OnboardingVC.xib in Resources */ = {isa = PBXBuildFile; fileRef = 307E4B892896D9F000E51215 /* OnboardingVC.xib */; };
		307E4B8E2896DA3600E51215 /* Rswift in Frameworks */ = {isa = PBXBuildFile; productRef = 307E4B8D2896DA3600E51215 /* Rswift */; };
		307E4B912896DA8E00E51215 /* R.generated.swift in Sources */ = {isa = PBXBuildFile; fileRef = 307E4B902896DA8E00E51215 /* R.generated.swift */; };
		30B96CB2289C32840079AC38 /* MyUserDefaults.swift in Sources */ = {isa = PBXBuildFile; fileRef = 30B96CB1289C32840079AC38 /* MyUserDefaults.swift */; };
		30B96CB8289C52BA0079AC38 /* SplashVC.swift in Sources */ = {isa = PBXBuildFile; fileRef = 30B96CB6289C52BA0079AC38 /* SplashVC.swift */; };
		30B96CB9289C52BA0079AC38 /* SplashVC.xib in Resources */ = {isa = PBXBuildFile; fileRef = 30B96CB7289C52BA0079AC38 /* SplashVC.xib */; };
		30B96CBB289C53490079AC38 /* thunder.json in Resources */ = {isa = PBXBuildFile; fileRef = 30B96CBA289C53490079AC38 /* thunder.json */; };
		30B96CBE289C54300079AC38 /* SplashCoordinator.swift in Sources */ = {isa = PBXBuildFile; fileRef = 30B96CBD289C54300079AC38 /* SplashCoordinator.swift */; };
		30B96CC2289DC8F50079AC38 /* SplashViewModel.swift in Sources */ = {isa = PBXBuildFile; fileRef = 30B96CC1289DC8F50079AC38 /* SplashViewModel.swift */; };
		30B96CC5289DCE920079AC38 /* windy-weather.json in Resources */ = {isa = PBXBuildFile; fileRef = 30B96CC3289DCE920079AC38 /* windy-weather.json */; };
		30B96CC6289DCE920079AC38 /* rainy-weather.json in Resources */ = {isa = PBXBuildFile; fileRef = 30B96CC4289DCE920079AC38 /* rainy-weather.json */; };
		30B96CC9289DD04C0079AC38 /* SplashUsecase.swift in Sources */ = {isa = PBXBuildFile; fileRef = 30B96CC8289DD04C0079AC38 /* SplashUsecase.swift */; };
		30B96CCD289DD2980079AC38 /* NextDestination.swift in Sources */ = {isa = PBXBuildFile; fileRef = 30B96CCC289DD2980079AC38 /* NextDestination.swift */; };
		30B96CD0289DD63A0079AC38 /* OnboardingUsecase.swift in Sources */ = {isa = PBXBuildFile; fileRef = 30B96CCF289DD63A0079AC38 /* OnboardingUsecase.swift */; };
		30BE70F32896FC95009D7BC4 /* Lottie in Frameworks */ = {isa = PBXBuildFile; productRef = 30BE70F22896FC95009D7BC4 /* Lottie */; };
		30BE70F92896FF31009D7BC4 /* icon.json in Resources */ = {isa = PBXBuildFile; fileRef = 30BE70F82896FF31009D7BC4 /* icon.json */; };
		30BE70FE2897095B009D7BC4 /* blueSky.json in Resources */ = {isa = PBXBuildFile; fileRef = 30BE70FD2897095B009D7BC4 /* blueSky.json */; };
/* End PBXBuildFile section */

/* Begin PBXFileReference section */
		300BB341289B2EB700EE6B1B /* OnboardingCoordinator.swift */ = {isa = PBXFileReference; lastKnownFileType = sourcecode.swift; path = OnboardingCoordinator.swift; sourceTree = "<group>"; };
		300BB344289B324600EE6B1B /* OnboardingState.swift */ = {isa = PBXFileReference; lastKnownFileType = sourcecode.swift; path = OnboardingState.swift; sourceTree = "<group>"; };
		300BB346289B32F700EE6B1B /* OnboardingViewModel.swift */ = {isa = PBXFileReference; lastKnownFileType = sourcecode.swift; path = OnboardingViewModel.swift; sourceTree = "<group>"; };
		300BB34F289B393200EE6B1B /* icon2.json */ = {isa = PBXFileReference; fileEncoding = 4; lastKnownFileType = text.json; path = icon2.json; sourceTree = "<group>"; };
		3010990828A0FB4A00058A3D /* AppConfig.swift */ = {isa = PBXFileReference; lastKnownFileType = sourcecode.swift; path = AppConfig.swift; sourceTree = "<group>"; };
		3010990D28A108BE00058A3D /* HomeVC.swift */ = {isa = PBXFileReference; lastKnownFileType = sourcecode.swift; path = HomeVC.swift; sourceTree = "<group>"; };
		3010990E28A108BE00058A3D /* HomeVC.xib */ = {isa = PBXFileReference; lastKnownFileType = file.xib; path = HomeVC.xib; sourceTree = "<group>"; };
		3010991228A10AC200058A3D /* HomeCoordinator.swift */ = {isa = PBXFileReference; lastKnownFileType = sourcecode.swift; path = HomeCoordinator.swift; sourceTree = "<group>"; };
		3079F2442897DCE4007BC76B /* XButton.swift */ = {isa = PBXFileReference; lastKnownFileType = sourcecode.swift; path = XButton.swift; sourceTree = "<group>"; };
		3079F2462897DD05007BC76B /* XButton.xib */ = {isa = PBXFileReference; lastKnownFileType = file.xib; path = XButton.xib; sourceTree = "<group>"; };
		307E4B652896CF7700E51215 /* WeZCast.app */ = {isa = PBXFileReference; explicitFileType = wrapper.application; includeInIndex = 0; path = WeZCast.app; sourceTree = BUILT_PRODUCTS_DIR; };
		307E4B682896CF7700E51215 /* AppDelegate.swift */ = {isa = PBXFileReference; lastKnownFileType = sourcecode.swift; path = AppDelegate.swift; sourceTree = "<group>"; };
		307E4B6A2896CF7700E51215 /* SceneDelegate.swift */ = {isa = PBXFileReference; lastKnownFileType = sourcecode.swift; path = SceneDelegate.swift; sourceTree = "<group>"; };
		307E4B712896CF7B00E51215 /* Assets.xcassets */ = {isa = PBXFileReference; lastKnownFileType = folder.assetcatalog; path = Assets.xcassets; sourceTree = "<group>"; };
		307E4B762896CF7B00E51215 /* Info.plist */ = {isa = PBXFileReference; lastKnownFileType = text.plist.xml; path = Info.plist; sourceTree = "<group>"; };
		307E4B812896D89500E51215 /* AppCoordinator.swift */ = {isa = PBXFileReference; lastKnownFileType = sourcecode.swift; path = AppCoordinator.swift; sourceTree = "<group>"; };
		307E4B882896D9F000E51215 /* OnboardingVC.swift */ = {isa = PBXFileReference; lastKnownFileType = sourcecode.swift; path = OnboardingVC.swift; sourceTree = "<group>"; };
		307E4B892896D9F000E51215 /* OnboardingVC.xib */ = {isa = PBXFileReference; lastKnownFileType = file.xib; path = OnboardingVC.xib; sourceTree = "<group>"; };
		307E4B902896DA8E00E51215 /* R.generated.swift */ = {isa = PBXFileReference; fileEncoding = 4; lastKnownFileType = sourcecode.swift; path = R.generated.swift; sourceTree = SOURCE_ROOT; };
		30B96CB1289C32840079AC38 /* MyUserDefaults.swift */ = {isa = PBXFileReference; fileEncoding = 4; lastKnownFileType = sourcecode.swift; path = MyUserDefaults.swift; sourceTree = "<group>"; };
		30B96CB6289C52BA0079AC38 /* SplashVC.swift */ = {isa = PBXFileReference; lastKnownFileType = sourcecode.swift; path = SplashVC.swift; sourceTree = "<group>"; };
		30B96CB7289C52BA0079AC38 /* SplashVC.xib */ = {isa = PBXFileReference; lastKnownFileType = file.xib; path = SplashVC.xib; sourceTree = "<group>"; };
		30B96CBA289C53490079AC38 /* thunder.json */ = {isa = PBXFileReference; fileEncoding = 4; lastKnownFileType = text.json; path = thunder.json; sourceTree = "<group>"; };
		30B96CBD289C54300079AC38 /* SplashCoordinator.swift */ = {isa = PBXFileReference; lastKnownFileType = sourcecode.swift; path = SplashCoordinator.swift; sourceTree = "<group>"; };
		30B96CC1289DC8F50079AC38 /* SplashViewModel.swift */ = {isa = PBXFileReference; lastKnownFileType = sourcecode.swift; path = SplashViewModel.swift; sourceTree = "<group>"; };
		30B96CC3289DCE920079AC38 /* windy-weather.json */ = {isa = PBXFileReference; fileEncoding = 4; lastKnownFileType = text.json; path = "windy-weather.json"; sourceTree = "<group>"; };
		30B96CC4289DCE920079AC38 /* rainy-weather.json */ = {isa = PBXFileReference; fileEncoding = 4; lastKnownFileType = text.json; path = "rainy-weather.json"; sourceTree = "<group>"; };
		30B96CC8289DD04C0079AC38 /* SplashUsecase.swift */ = {isa = PBXFileReference; lastKnownFileType = sourcecode.swift; path = SplashUsecase.swift; sourceTree = "<group>"; };
		30B96CCC289DD2980079AC38 /* NextDestination.swift */ = {isa = PBXFileReference; lastKnownFileType = sourcecode.swift; path = NextDestination.swift; sourceTree = "<group>"; };
		30B96CCF289DD63A0079AC38 /* OnboardingUsecase.swift */ = {isa = PBXFileReference; lastKnownFileType = sourcecode.swift; path = OnboardingUsecase.swift; sourceTree = "<group>"; };
		30BE70F82896FF31009D7BC4 /* icon.json */ = {isa = PBXFileReference; fileEncoding = 4; lastKnownFileType = text.json; path = icon.json; sourceTree = "<group>"; };
		30BE70FD2897095B009D7BC4 /* blueSky.json */ = {isa = PBXFileReference; fileEncoding = 4; lastKnownFileType = text.json; path = blueSky.json; sourceTree = "<group>"; };
/* End PBXFileReference section */

/* Begin PBXFrameworksBuildPhase section */
		307E4B622896CF7700E51215 /* Frameworks */ = {
			isa = PBXFrameworksBuildPhase;
			buildActionMask = 2147483647;
			files = (
				300BB34A289B342F00EE6B1B /* RxCocoa in Frameworks */,
				307E4B8E2896DA3600E51215 /* Rswift in Frameworks */,
				300BB34E289B342F00EE6B1B /* RxSwift in Frameworks */,
				300BB34C289B342F00EE6B1B /* RxRelay in Frameworks */,
				30BE70F32896FC95009D7BC4 /* Lottie in Frameworks */,
			);
			runOnlyForDeploymentPostprocessing = 0;
		};
/* End PBXFrameworksBuildPhase section */

/* Begin PBXGroup section */
		300BB340289B2E8800EE6B1B /* Logic */ = {
			isa = PBXGroup;
			children = (
				300BB341289B2EB700EE6B1B /* OnboardingCoordinator.swift */,
				300BB346289B32F700EE6B1B /* OnboardingViewModel.swift */,
			);
			path = Logic;
			sourceTree = "<group>";
		};
		300BB343289B322300EE6B1B /* Entity */ = {
			isa = PBXGroup;
			children = (
				300BB344289B324600EE6B1B /* OnboardingState.swift */,
			);
			path = Entity;
			sourceTree = "<group>";
		};
		3010990728A0FB4000058A3D /* Configuration */ = {
			isa = PBXGroup;
			children = (
				3010990828A0FB4A00058A3D /* AppConfig.swift */,
			);
			path = Configuration;
			sourceTree = "<group>";
		};
		3010990A28A0FEE500058A3D /* Home */ = {
			isa = PBXGroup;
			children = (
				3010990B28A1089700058A3D /* Presentation */,
			);
			path = Home;
			sourceTree = "<group>";
		};
		3010990B28A1089700058A3D /* Presentation */ = {
			isa = PBXGroup;
			children = (
				3010991128A10ABA00058A3D /* Logic */,
				3010990C28A108AC00058A3D /* View */,
			);
			path = Presentation;
			sourceTree = "<group>";
		};
		3010990C28A108AC00058A3D /* View */ = {
			isa = PBXGroup;
			children = (
				3010990D28A108BE00058A3D /* HomeVC.swift */,
				3010990E28A108BE00058A3D /* HomeVC.xib */,
			);
			path = View;
			sourceTree = "<group>";
		};
		3010991128A10ABA00058A3D /* Logic */ = {
			isa = PBXGroup;
			children = (
				3010991228A10AC200058A3D /* HomeCoordinator.swift */,
			);
			path = Logic;
			sourceTree = "<group>";
		};
		3079F2412897D9EF007BC76B /* CustomDesign */ = {
			isa = PBXGroup;
			children = (
				3079F2432897DCCB007BC76B /* ButtonNextArrow */,
			);
			path = CustomDesign;
			sourceTree = "<group>";
		};
		3079F2432897DCCB007BC76B /* ButtonNextArrow */ = {
			isa = PBXGroup;
			children = (
				3079F2442897DCE4007BC76B /* XButton.swift */,
				3079F2462897DD05007BC76B /* XButton.xib */,
			);
			path = ButtonNextArrow;
			sourceTree = "<group>";
		};
		307E4B5C2896CF7700E51215 = {
			isa = PBXGroup;
			children = (
				307E4B672896CF7700E51215 /* WeZCast */,
				307E4B662896CF7700E51215 /* Products */,
			);
			sourceTree = "<group>";
		};
		307E4B662896CF7700E51215 /* Products */ = {
			isa = PBXGroup;
			children = (
				307E4B652896CF7700E51215 /* WeZCast.app */,
			);
			name = Products;
			sourceTree = "<group>";
		};
		307E4B672896CF7700E51215 /* WeZCast */ = {
			isa = PBXGroup;
			children = (
				307E4B7C2896D80100E51215 /* Common */,
				307E4B7D2896D80500E51215 /* Application */,
				307E4B7E2896D80800E51215 /* Features */,
			);
			path = WeZCast;
			sourceTree = "<group>";
		};
		307E4B7C2896D80100E51215 /* Common */ = {
			isa = PBXGroup;
			children = (
				3010990728A0FB4000058A3D /* Configuration */,
				30B96CB0289C32750079AC38 /* LocalStorage */,
				3079F2412897D9EF007BC76B /* CustomDesign */,
			);
			path = Common;
			sourceTree = "<group>";
		};
		307E4B7D2896D80500E51215 /* Application */ = {
			isa = PBXGroup;
			children = (
				307E4B7F2896D81600E51215 /* Resources */,
				307E4B682896CF7700E51215 /* AppDelegate.swift */,
				307E4B6A2896CF7700E51215 /* SceneDelegate.swift */,
				307E4B762896CF7B00E51215 /* Info.plist */,
			);
			path = Application;
			sourceTree = "<group>";
		};
		307E4B7E2896D80800E51215 /* Features */ = {
			isa = PBXGroup;
			children = (
				307E4B802896D85C00E51215 /* StartingPoint */,
				30B96CB3289C52890079AC38 /* Splash */,
				307E4B832896D8ED00E51215 /* Boarding */,
				3010990A28A0FEE500058A3D /* Home */,
			);
			path = Features;
			sourceTree = "<group>";
		};
		307E4B7F2896D81600E51215 /* Resources */ = {
			isa = PBXGroup;
			children = (
				30BE70FC2897043B009D7BC4 /* Json */,
				307E4B902896DA8E00E51215 /* R.generated.swift */,
				307E4B712896CF7B00E51215 /* Assets.xcassets */,
			);
			path = Resources;
			sourceTree = "<group>";
		};
		307E4B802896D85C00E51215 /* StartingPoint */ = {
			isa = PBXGroup;
			children = (
				307E4B812896D89500E51215 /* AppCoordinator.swift */,
			);
			path = StartingPoint;
			sourceTree = "<group>";
		};
		307E4B832896D8ED00E51215 /* Boarding */ = {
			isa = PBXGroup;
			children = (
				307E4B862896D9A600E51215 /* Domain */,
				307E4B842896D99900E51215 /* Presentation */,
			);
			path = Boarding;
			sourceTree = "<group>";
		};
		307E4B842896D99900E51215 /* Presentation */ = {
			isa = PBXGroup;
			children = (
				300BB343289B322300EE6B1B /* Entity */,
				300BB340289B2E8800EE6B1B /* Logic */,
				307E4B872896D9C800E51215 /* View */,
			);
			path = Presentation;
			sourceTree = "<group>";
		};
		307E4B862896D9A600E51215 /* Domain */ = {
			isa = PBXGroup;
			children = (
				30B96CCE289DD62E0079AC38 /* Usecase */,
			);
			path = Domain;
			sourceTree = "<group>";
		};
		307E4B872896D9C800E51215 /* View */ = {
			isa = PBXGroup;
			children = (
				307E4B882896D9F000E51215 /* OnboardingVC.swift */,
				307E4B892896D9F000E51215 /* OnboardingVC.xib */,
			);
			path = View;
			sourceTree = "<group>";
		};
		30B96CB0289C32750079AC38 /* LocalStorage */ = {
			isa = PBXGroup;
			children = (
				30B96CB1289C32840079AC38 /* MyUserDefaults.swift */,
			);
			path = LocalStorage;
			sourceTree = "<group>";
		};
		30B96CB3289C52890079AC38 /* Splash */ = {
			isa = PBXGroup;
			children = (
				30B96CC7289DD0390079AC38 /* Domain */,
				30B96CB5289C529C0079AC38 /* Presentation */,
			);
			path = Splash;
			sourceTree = "<group>";
		};
		30B96CB4289C52920079AC38 /* View */ = {
			isa = PBXGroup;
			children = (
				30B96CB6289C52BA0079AC38 /* SplashVC.swift */,
				30B96CB7289C52BA0079AC38 /* SplashVC.xib */,
			);
			path = View;
			sourceTree = "<group>";
		};
		30B96CB5289C529C0079AC38 /* Presentation */ = {
			isa = PBXGroup;
			children = (
				30B96CBC289C53B10079AC38 /* Logic */,
				30B96CB4289C52920079AC38 /* View */,
			);
			path = Presentation;
			sourceTree = "<group>";
		};
		30B96CBC289C53B10079AC38 /* Logic */ = {
			isa = PBXGroup;
			children = (
				30B96CBD289C54300079AC38 /* SplashCoordinator.swift */,
				30B96CC1289DC8F50079AC38 /* SplashViewModel.swift */,
			);
			path = Logic;
			sourceTree = "<group>";
		};
		30B96CC7289DD0390079AC38 /* Domain */ = {
			isa = PBXGroup;
			children = (
				30B96CCB289DD28C0079AC38 /* Model */,
				30B96CCA289DD2890079AC38 /* Usecase */,
				30B96CC8289DD04C0079AC38 /* SplashUsecase.swift */,
			);
			path = Domain;
			sourceTree = "<group>";
		};
		30B96CCA289DD2890079AC38 /* Usecase */ = {
			isa = PBXGroup;
			children = (
			);
			path = Usecase;
			sourceTree = "<group>";
		};
		30B96CCB289DD28C0079AC38 /* Model */ = {
			isa = PBXGroup;
			children = (
				30B96CCC289DD2980079AC38 /* NextDestination.swift */,
			);
			path = Model;
			sourceTree = "<group>";
		};
		30B96CCE289DD62E0079AC38 /* Usecase */ = {
			isa = PBXGroup;
			children = (
				30B96CCF289DD63A0079AC38 /* OnboardingUsecase.swift */,
			);
			path = Usecase;
			sourceTree = "<group>";
		};
		30BE70FC2897043B009D7BC4 /* Json */ = {
			isa = PBXGroup;
			children = (
				30B96CC4289DCE920079AC38 /* rainy-weather.json */,
				30B96CC3289DCE920079AC38 /* windy-weather.json */,
				30BE70F82896FF31009D7BC4 /* icon.json */,
				300BB34F289B393200EE6B1B /* icon2.json */,
				30B96CBA289C53490079AC38 /* thunder.json */,
				30BE70FD2897095B009D7BC4 /* blueSky.json */,
			);
			path = Json;
			sourceTree = "<group>";
		};
/* End PBXGroup section */

/* Begin PBXNativeTarget section */
		307E4B642896CF7700E51215 /* WeZCast */ = {
			isa = PBXNativeTarget;
			buildConfigurationList = 307E4B792896CF7B00E51215 /* Build configuration list for PBXNativeTarget "WeZCast" */;
			buildPhases = (
				307E4B8F2896DA6100E51215 /* ShellScript */,
				307E4B612896CF7700E51215 /* Sources */,
				307E4B622896CF7700E51215 /* Frameworks */,
				307E4B632896CF7700E51215 /* Resources */,
			);
			buildRules = (
			);
			dependencies = (
			);
			name = WeZCast;
			packageProductDependencies = (
				307E4B8D2896DA3600E51215 /* Rswift */,
				30BE70F22896FC95009D7BC4 /* Lottie */,
				300BB349289B342F00EE6B1B /* RxCocoa */,
				300BB34B289B342F00EE6B1B /* RxRelay */,
				300BB34D289B342F00EE6B1B /* RxSwift */,
			);
			productName = WeZCast;
			productReference = 307E4B652896CF7700E51215 /* WeZCast.app */;
			productType = "com.apple.product-type.application";
		};
/* End PBXNativeTarget section */

/* Begin PBXProject section */
		307E4B5D2896CF7700E51215 /* Project object */ = {
			isa = PBXProject;
			attributes = {
				BuildIndependentTargetsInParallel = 1;
				LastSwiftUpdateCheck = 1340;
				LastUpgradeCheck = 1340;
				TargetAttributes = {
					307E4B642896CF7700E51215 = {
						CreatedOnToolsVersion = 13.4.1;
					};
				};
			};
			buildConfigurationList = 307E4B602896CF7700E51215 /* Build configuration list for PBXProject "WeZCast" */;
			compatibilityVersion = "Xcode 13.0";
			developmentRegion = en;
			hasScannedForEncodings = 0;
			knownRegions = (
				en,
				Base,
			);
			mainGroup = 307E4B5C2896CF7700E51215;
			packageReferences = (
				307E4B8C2896DA3600E51215 /* XCRemoteSwiftPackageReference "R.swift" */,
				30BE70F12896FC95009D7BC4 /* XCRemoteSwiftPackageReference "lottie-ios" */,
				300BB348289B342F00EE6B1B /* XCRemoteSwiftPackageReference "RxSwift" */,
			);
			productRefGroup = 307E4B662896CF7700E51215 /* Products */;
			projectDirPath = "";
			projectRoot = "";
			targets = (
				307E4B642896CF7700E51215 /* WeZCast */,
			);
		};
/* End PBXProject section */

/* Begin PBXResourcesBuildPhase section */
		307E4B632896CF7700E51215 /* Resources */ = {
			isa = PBXResourcesBuildPhase;
			buildActionMask = 2147483647;
			files = (
				307E4B722896CF7B00E51215 /* Assets.xcassets in Resources */,
				3079F2472897DD05007BC76B /* XButton.xib in Resources */,
				30B96CC6289DCE920079AC38 /* rainy-weather.json in Resources */,
				30B96CC5289DCE920079AC38 /* windy-weather.json in Resources */,
				30B96CB9289C52BA0079AC38 /* SplashVC.xib in Resources */,
				3010991028A108BE00058A3D /* HomeVC.xib in Resources */,
				30BE70F92896FF31009D7BC4 /* icon.json in Resources */,
				30BE70FE2897095B009D7BC4 /* blueSky.json in Resources */,
				300BB350289B393200EE6B1B /* icon2.json in Resources */,
				30B96CBB289C53490079AC38 /* thunder.json in Resources */,
				307E4B8B2896D9F000E51215 /* OnboardingVC.xib in Resources */,
			);
			runOnlyForDeploymentPostprocessing = 0;
		};
/* End PBXResourcesBuildPhase section */

/* Begin PBXShellScriptBuildPhase section */
		307E4B8F2896DA6100E51215 /* ShellScript */ = {
			isa = PBXShellScriptBuildPhase;
			alwaysOutOfDate = 1;
			buildActionMask = 2147483647;
			files = (
			);
			inputFileListPaths = (
			);
			inputPaths = (
			);
			outputFileListPaths = (
			);
			outputPaths = (
				$SRCROOT/R.generated.swift,
			);
			runOnlyForDeploymentPostprocessing = 0;
			shellPath = /bin/sh;
			shellScript = "# Type a script or drag a script file from your workspace to insert its path.\n\"$SRCROOT/rswift\" generate \"$SRCROOT/R.generated.swift\"\n";
		};
/* End PBXShellScriptBuildPhase section */

/* Begin PBXSourcesBuildPhase section */
		307E4B612896CF7700E51215 /* Sources */ = {
			isa = PBXSourcesBuildPhase;
			buildActionMask = 2147483647;
			files = (
				307E4B822896D89500E51215 /* AppCoordinator.swift in Sources */,
				307E4B8A2896D9F000E51215 /* OnboardingVC.swift in Sources */,
				307E4B912896DA8E00E51215 /* R.generated.swift in Sources */,
				3010990F28A108BE00058A3D /* HomeVC.swift in Sources */,
				300BB342289B2EB700EE6B1B /* OnboardingCoordinator.swift in Sources */,
				30B96CCD289DD2980079AC38 /* NextDestination.swift in Sources */,
				300BB347289B32F700EE6B1B /* OnboardingViewModel.swift in Sources */,
				30B96CB8289C52BA0079AC38 /* SplashVC.swift in Sources */,
				300BB345289B324600EE6B1B /* OnboardingState.swift in Sources */,
				30B96CB2289C32840079AC38 /* MyUserDefaults.swift in Sources */,
				30B96CC9289DD04C0079AC38 /* SplashUsecase.swift in Sources */,
				3010990928A0FB4A00058A3D /* AppConfig.swift in Sources */,
				307E4B692896CF7700E51215 /* AppDelegate.swift in Sources */,
				30B96CBE289C54300079AC38 /* SplashCoordinator.swift in Sources */,
				307E4B6B2896CF7700E51215 /* SceneDelegate.swift in Sources */,
				3079F2452897DCE4007BC76B /* XButton.swift in Sources */,
				30B96CD0289DD63A0079AC38 /* OnboardingUsecase.swift in Sources */,
				30B96CC2289DC8F50079AC38 /* SplashViewModel.swift in Sources */,
				3010991328A10AC200058A3D /* HomeCoordinator.swift in Sources */,
			);
			runOnlyForDeploymentPostprocessing = 0;
		};
/* End PBXSourcesBuildPhase section */

/* Begin XCBuildConfiguration section */
		307E4B772896CF7B00E51215 /* Debug */ = {
			isa = XCBuildConfiguration;
			buildSettings = {
				ALWAYS_SEARCH_USER_PATHS = NO;
				CLANG_ANALYZER_NONNULL = YES;
				CLANG_ANALYZER_NUMBER_OBJECT_CONVERSION = YES_AGGRESSIVE;
				CLANG_CXX_LANGUAGE_STANDARD = "gnu++17";
				CLANG_ENABLE_MODULES = YES;
				CLANG_ENABLE_OBJC_ARC = YES;
				CLANG_ENABLE_OBJC_WEAK = YES;
				CLANG_WARN_BLOCK_CAPTURE_AUTORELEASING = YES;
				CLANG_WARN_BOOL_CONVERSION = YES;
				CLANG_WARN_COMMA = YES;
				CLANG_WARN_CONSTANT_CONVERSION = YES;
				CLANG_WARN_DEPRECATED_OBJC_IMPLEMENTATIONS = YES;
				CLANG_WARN_DIRECT_OBJC_ISA_USAGE = YES_ERROR;
				CLANG_WARN_DOCUMENTATION_COMMENTS = YES;
				CLANG_WARN_EMPTY_BODY = YES;
				CLANG_WARN_ENUM_CONVERSION = YES;
				CLANG_WARN_INFINITE_RECURSION = YES;
				CLANG_WARN_INT_CONVERSION = YES;
				CLANG_WARN_NON_LITERAL_NULL_CONVERSION = YES;
				CLANG_WARN_OBJC_IMPLICIT_RETAIN_SELF = YES;
				CLANG_WARN_OBJC_LITERAL_CONVERSION = YES;
				CLANG_WARN_OBJC_ROOT_CLASS = YES_ERROR;
				CLANG_WARN_QUOTED_INCLUDE_IN_FRAMEWORK_HEADER = YES;
				CLANG_WARN_RANGE_LOOP_ANALYSIS = YES;
				CLANG_WARN_STRICT_PROTOTYPES = YES;
				CLANG_WARN_SUSPICIOUS_MOVE = YES;
				CLANG_WARN_UNGUARDED_AVAILABILITY = YES_AGGRESSIVE;
				CLANG_WARN_UNREACHABLE_CODE = YES;
				CLANG_WARN__DUPLICATE_METHOD_MATCH = YES;
				COPY_PHASE_STRIP = NO;
				DEBUG_INFORMATION_FORMAT = dwarf;
				ENABLE_STRICT_OBJC_MSGSEND = YES;
				ENABLE_TESTABILITY = YES;
				GCC_C_LANGUAGE_STANDARD = gnu11;
				GCC_DYNAMIC_NO_PIC = NO;
				GCC_NO_COMMON_BLOCKS = YES;
				GCC_OPTIMIZATION_LEVEL = 0;
				GCC_PREPROCESSOR_DEFINITIONS = (
					"DEBUG=1",
					"$(inherited)",
				);
				GCC_WARN_64_TO_32_BIT_CONVERSION = YES;
				GCC_WARN_ABOUT_RETURN_TYPE = YES_ERROR;
				GCC_WARN_UNDECLARED_SELECTOR = YES;
				GCC_WARN_UNINITIALIZED_AUTOS = YES_AGGRESSIVE;
				GCC_WARN_UNUSED_FUNCTION = YES;
				GCC_WARN_UNUSED_VARIABLE = YES;
				IPHONEOS_DEPLOYMENT_TARGET = 15.5;
				MTL_ENABLE_DEBUG_INFO = INCLUDE_SOURCE;
				MTL_FAST_MATH = YES;
				ONLY_ACTIVE_ARCH = YES;
				SDKROOT = iphoneos;
				SWIFT_ACTIVE_COMPILATION_CONDITIONS = DEBUG;
				SWIFT_OPTIMIZATION_LEVEL = "-Onone";
			};
			name = Debug;
		};
		307E4B782896CF7B00E51215 /* Release */ = {
			isa = XCBuildConfiguration;
			buildSettings = {
				ALWAYS_SEARCH_USER_PATHS = NO;
				CLANG_ANALYZER_NONNULL = YES;
				CLANG_ANALYZER_NUMBER_OBJECT_CONVERSION = YES_AGGRESSIVE;
				CLANG_CXX_LANGUAGE_STANDARD = "gnu++17";
				CLANG_ENABLE_MODULES = YES;
				CLANG_ENABLE_OBJC_ARC = YES;
				CLANG_ENABLE_OBJC_WEAK = YES;
				CLANG_WARN_BLOCK_CAPTURE_AUTORELEASING = YES;
				CLANG_WARN_BOOL_CONVERSION = YES;
				CLANG_WARN_COMMA = YES;
				CLANG_WARN_CONSTANT_CONVERSION = YES;
				CLANG_WARN_DEPRECATED_OBJC_IMPLEMENTATIONS = YES;
				CLANG_WARN_DIRECT_OBJC_ISA_USAGE = YES_ERROR;
				CLANG_WARN_DOCUMENTATION_COMMENTS = YES;
				CLANG_WARN_EMPTY_BODY = YES;
				CLANG_WARN_ENUM_CONVERSION = YES;
				CLANG_WARN_INFINITE_RECURSION = YES;
				CLANG_WARN_INT_CONVERSION = YES;
				CLANG_WARN_NON_LITERAL_NULL_CONVERSION = YES;
				CLANG_WARN_OBJC_IMPLICIT_RETAIN_SELF = YES;
				CLANG_WARN_OBJC_LITERAL_CONVERSION = YES;
				CLANG_WARN_OBJC_ROOT_CLASS = YES_ERROR;
				CLANG_WARN_QUOTED_INCLUDE_IN_FRAMEWORK_HEADER = YES;
				CLANG_WARN_RANGE_LOOP_ANALYSIS = YES;
				CLANG_WARN_STRICT_PROTOTYPES = YES;
				CLANG_WARN_SUSPICIOUS_MOVE = YES;
				CLANG_WARN_UNGUARDED_AVAILABILITY = YES_AGGRESSIVE;
				CLANG_WARN_UNREACHABLE_CODE = YES;
				CLANG_WARN__DUPLICATE_METHOD_MATCH = YES;
				COPY_PHASE_STRIP = NO;
				DEBUG_INFORMATION_FORMAT = "dwarf-with-dsym";
				ENABLE_NS_ASSERTIONS = NO;
				ENABLE_STRICT_OBJC_MSGSEND = YES;
				GCC_C_LANGUAGE_STANDARD = gnu11;
				GCC_NO_COMMON_BLOCKS = YES;
				GCC_WARN_64_TO_32_BIT_CONVERSION = YES;
				GCC_WARN_ABOUT_RETURN_TYPE = YES_ERROR;
				GCC_WARN_UNDECLARED_SELECTOR = YES;
				GCC_WARN_UNINITIALIZED_AUTOS = YES_AGGRESSIVE;
				GCC_WARN_UNUSED_FUNCTION = YES;
				GCC_WARN_UNUSED_VARIABLE = YES;
				IPHONEOS_DEPLOYMENT_TARGET = 15.5;
				MTL_ENABLE_DEBUG_INFO = NO;
				MTL_FAST_MATH = YES;
				SDKROOT = iphoneos;
				SWIFT_COMPILATION_MODE = wholemodule;
				SWIFT_OPTIMIZATION_LEVEL = "-O";
				VALIDATE_PRODUCT = YES;
			};
			name = Release;
		};
		307E4B7A2896CF7B00E51215 /* Debug */ = {
			isa = XCBuildConfiguration;
			buildSettings = {
				ASSETCATALOG_COMPILER_APPICON_NAME = AppIcon;
				ASSETCATALOG_COMPILER_GLOBAL_ACCENT_COLOR_NAME = AccentColor;
				CODE_SIGN_STYLE = Automatic;
				CURRENT_PROJECT_VERSION = 1;
				DEVELOPMENT_TEAM = AK2TZ88ALS;
				GENERATE_INFOPLIST_FILE = YES;
				INFOPLIST_FILE = WeZCast/Application/Info.plist;
				INFOPLIST_KEY_UIApplicationSupportsIndirectInputEvents = YES;
				INFOPLIST_KEY_UILaunchStoryboardName = LaunchScreen;
				INFOPLIST_KEY_UISupportedInterfaceOrientations = UIInterfaceOrientationPortrait;
				INFOPLIST_KEY_UISupportedInterfaceOrientations_iPad = "UIInterfaceOrientationPortrait UIInterfaceOrientationPortraitUpsideDown UIInterfaceOrientationLandscapeLeft UIInterfaceOrientationLandscapeRight";
				INFOPLIST_KEY_UISupportedInterfaceOrientations_iPhone = UIInterfaceOrientationPortrait;
				LD_RUNPATH_SEARCH_PATHS = (
					"$(inherited)",
					"@executable_path/Frameworks",
				);
				MARKETING_VERSION = 1.0;
				PRODUCT_BUNDLE_IDENTIFIER = com.WeZCast.Amin.WeZCast;
				PRODUCT_NAME = "$(TARGET_NAME)";
				SWIFT_EMIT_LOC_STRINGS = YES;
				SWIFT_VERSION = 5.0;
				TARGETED_DEVICE_FAMILY = "1,2";
			};
			name = Debug;
		};
		307E4B7B2896CF7B00E51215 /* Release */ = {
			isa = XCBuildConfiguration;
			buildSettings = {
				ASSETCATALOG_COMPILER_APPICON_NAME = AppIcon;
				ASSETCATALOG_COMPILER_GLOBAL_ACCENT_COLOR_NAME = AccentColor;
				CODE_SIGN_STYLE = Automatic;
				CURRENT_PROJECT_VERSION = 1;
				DEVELOPMENT_TEAM = AK2TZ88ALS;
				GENERATE_INFOPLIST_FILE = YES;
				INFOPLIST_FILE = WeZCast/Application/Info.plist;
				INFOPLIST_KEY_UIApplicationSupportsIndirectInputEvents = YES;
				INFOPLIST_KEY_UILaunchStoryboardName = LaunchScreen;
				INFOPLIST_KEY_UISupportedInterfaceOrientations = UIInterfaceOrientationPortrait;
				INFOPLIST_KEY_UISupportedInterfaceOrientations_iPad = "UIInterfaceOrientationPortrait UIInterfaceOrientationPortraitUpsideDown UIInterfaceOrientationLandscapeLeft UIInterfaceOrientationLandscapeRight";
				INFOPLIST_KEY_UISupportedInterfaceOrientations_iPhone = UIInterfaceOrientationPortrait;
				LD_RUNPATH_SEARCH_PATHS = (
					"$(inherited)",
					"@executable_path/Frameworks",
				);
				MARKETING_VERSION = 1.0;
				PRODUCT_BUNDLE_IDENTIFIER = com.WeZCast.Amin.WeZCast;
				PRODUCT_NAME = "$(TARGET_NAME)";
				SWIFT_EMIT_LOC_STRINGS = YES;
				SWIFT_VERSION = 5.0;
				TARGETED_DEVICE_FAMILY = "1,2";
			};
			name = Release;
		};
/* End XCBuildConfiguration section */

/* Begin XCConfigurationList section */
		307E4B602896CF7700E51215 /* Build configuration list for PBXProject "WeZCast" */ = {
			isa = XCConfigurationList;
			buildConfigurations = (
				307E4B772896CF7B00E51215 /* Debug */,
				307E4B782896CF7B00E51215 /* Release */,
			);
			defaultConfigurationIsVisible = 0;
			defaultConfigurationName = Release;
		};
		307E4B792896CF7B00E51215 /* Build configuration list for PBXNativeTarget "WeZCast" */ = {
			isa = XCConfigurationList;
			buildConfigurations = (
				307E4B7A2896CF7B00E51215 /* Debug */,
				307E4B7B2896CF7B00E51215 /* Release */,
			);
			defaultConfigurationIsVisible = 0;
			defaultConfigurationName = Release;
		};
/* End XCConfigurationList section */

/* Begin XCRemoteSwiftPackageReference section */
		300BB348289B342F00EE6B1B /* XCRemoteSwiftPackageReference "RxSwift" */ = {
			isa = XCRemoteSwiftPackageReference;
			repositoryURL = "https://github.com/ReactiveX/RxSwift";
			requirement = {
				kind = exactVersion;
				version = 6.5.0;
			};
		};
		307E4B8C2896DA3600E51215 /* XCRemoteSwiftPackageReference "R.swift" */ = {
			isa = XCRemoteSwiftPackageReference;
			repositoryURL = "https://github.com/mac-cain13/R.swift.Library";
			requirement = {
				branch = master;
				kind = branch;
			};
		};
		30BE70F12896FC95009D7BC4 /* XCRemoteSwiftPackageReference "lottie-ios" */ = {
			isa = XCRemoteSwiftPackageReference;
			repositoryURL = "https://github.com/airbnb/lottie-ios";
			requirement = {
				kind = upToNextMajorVersion;
				minimumVersion = 3.0.0;
			};
		};
/* End XCRemoteSwiftPackageReference section */

/* Begin XCSwiftPackageProductDependency section */
		300BB349289B342F00EE6B1B /* RxCocoa */ = {
			isa = XCSwiftPackageProductDependency;
			package = 300BB348289B342F00EE6B1B /* XCRemoteSwiftPackageReference "RxSwift" */;
			productName = RxCocoa;
		};
		300BB34B289B342F00EE6B1B /* RxRelay */ = {
			isa = XCSwiftPackageProductDependency;
			package = 300BB348289B342F00EE6B1B /* XCRemoteSwiftPackageReference "RxSwift" */;
			productName = RxRelay;
		};
		300BB34D289B342F00EE6B1B /* RxSwift */ = {
			isa = XCSwiftPackageProductDependency;
			package = 300BB348289B342F00EE6B1B /* XCRemoteSwiftPackageReference "RxSwift" */;
			productName = RxSwift;
		};
		307E4B8D2896DA3600E51215 /* Rswift */ = {
			isa = XCSwiftPackageProductDependency;
			package = 307E4B8C2896DA3600E51215 /* XCRemoteSwiftPackageReference "R.swift" */;
			productName = Rswift;
		};
		30BE70F22896FC95009D7BC4 /* Lottie */ = {
			isa = XCSwiftPackageProductDependency;
			package = 30BE70F12896FC95009D7BC4 /* XCRemoteSwiftPackageReference "lottie-ios" */;
			productName = Lottie;
		};
/* End XCSwiftPackageProductDependency section */
	};
	rootObject = 307E4B5D2896CF7700E51215 /* Project object */;
}
